// !$*UTF8*$!
{
	archiveVersion = 1;
	classes = {};
	objectVersion = 56;
	objects = {

		D98F3EFC02D24AC4932E43F6 /* App */ = {isa = PBXBuildFile; fileRef = 7DFF5A2AC414418E8781140F /* App */; };
		02CEA5D20DDD4026B2FB5D03 /* ContentView.swift in Sources */ = {isa = PBXBuildFile; fileRef = 6C72A9B12F634C7699D89390 /* ContentView.swift */; };
		F7C64BEFC15A43CA8FA7FEF7 /* RatioTrackerApp.swift in Sources */ = {isa = PBXBuildFile; fileRef = F1A552BE02224798AFDD485A /* RatioTrackerApp.swift */; };
		E5549BF368944A0AAD4492A1 /* RatioViewModel.swift in Sources */ = {isa = PBXBuildFile; fileRef = 37CC14410333471B8100BF41 /* RatioViewModel.swift */; };
		A9820817AC8945D0B9529EBE /* TrackedPair.swift in Sources */ = {isa = PBXBuildFile; fileRef = AA96D86CA4D742388C3C26BA /* TrackedPair.swift */; };
		D9DDB5FFF30C46EDA39CAB27 /* Persistence.swift in Sources */ = {isa = PBXBuildFile; fileRef = FFCDAFCCEC3F4B9FAFD55320 /* Persistence.swift */; };
		FAEC4B7395C64C56AF2FA3C4 /* RatioCardView.swift in Sources */ = {isa = PBXBuildFile; fileRef = 31786B99A230403FBF9803D2 /* RatioCardView.swift */; };
		3140F2925D1348A99CEAE1D6 /* MenuBarContentView.swift in Sources */ = {isa = PBXBuildFile; fileRef = 670BC3504249453F9A18C33A /* MenuBarContentView.swift */; };
		4B8CAFBB62C34397A0D1EBC5 /* RatioService.swift in Sources */ = {isa = PBXBuildFile; fileRef = 71B3D1658CAF4451A67035F0 /* RatioService.swift */; };

		6C72A9B12F634C7699D89390 /* ContentView.swift */ = {isa = PBXFileReference; lastKnownFileType = sourcecode.swift; path = ContentView.swift; sourceTree = "<group>"; };
		F1A552BE02224798AFDD485A /* RatioTrackerApp.swift */ = {isa = PBXFileReference; lastKnownFileType = sourcecode.swift; path = RatioTrackerApp.swift; sourceTree = "<group>"; };
		37CC14410333471B8100BF41 /* RatioViewModel.swift */ = {isa = PBXFileReference; lastKnownFileType = sourcecode.swift; path = RatioViewModel.swift; sourceTree = "<group>"; };
		AA96D86CA4D742388C3C26BA /* TrackedPair.swift */ = {isa = PBXFileReference; lastKnownFileType = sourcecode.swift; path = TrackedPair.swift; sourceTree = "<group>"; };
		FFCDAFCCEC3F4B9FAFD55320 /* Persistence.swift */ = {isa = PBXFileReference; lastKnownFileType = sourcecode.swift; path = Persistence.swift; sourceTree = "<group>"; };
		31786B99A230403FBF9803D2 /* RatioCardView.swift */ = {isa = PBXFileReference; lastKnownFileType = sourcecode.swift; path = RatioCardView.swift; sourceTree = "<group>"; };
		670BC3504249453F9A18C33A /* MenuBarContentView.swift */ = {isa = PBXFileReference; lastKnownFileType = sourcecode.swift; path = MenuBarContentView.swift; sourceTree = "<group>"; };
		71B3D1658CAF4451A67035F0 /* RatioService.swift */ = {isa = PBXFileReference; lastKnownFileType = sourcecode.swift; path = RatioService.swift; sourceTree = "<group>"; };
		7DFF5A2AC414418E8781140F /* RatioTracker.app */ = {isa = PBXFileReference; explicitFileType = wrapper.application; includeInIndex = 0; path = RatioTracker.app; sourceTree = BUILT_PRODUCTS_DIR; };

		80C5A330952348CDB99FFE81 = {isa = PBXGroup; children = (
				6C72A9B12F634C7699D89390 /* ContentView.swift */,
				F1A552BE02224798AFDD485A /* RatioTrackerApp.swift */,
				3224019364164F92B24A0287 /* Models */,
				72B12E0A80324B8790232947 /* Persistence */,
				75B187E11C824E7692AB9609 /* Services */,
				F9EED7214B9D41C0B4473389 /* ViewModels */,
				4E558E19609F4BFCB8354CA3 /* Views */,
				E26C480FA3E541C5B9E8AF69 /* Products */,); path = RatioTracker; sourceTree = "<group>";
		};
		3224019364164F92B24A0287 = {isa = PBXGroup; children = (
				AA96D86CA4D742388C3C26BA /* TrackedPair.swift */,
			); path = Models; sourceTree = "<group>";
		};
		72B12E0A80324B8790232947 = {isa = PBXGroup; children = (
				FFCDAFCCEC3F4B9FAFD55320 /* Persistence.swift */,
			); path = Persistence; sourceTree = "<group>";
		};
		75B187E11C824E7692AB9609 = {isa = PBXGroup; children = (
				71B3D1658CAF4451A67035F0 /* RatioService.swift */,
			); path = Services; sourceTree = "<group>";
		};
		F9EED7214B9D41C0B4473389 = {isa = PBXGroup; children = (
				37CC14410333471B8100BF41 /* RatioViewModel.swift */,
			); path = ViewModels; sourceTree = "<group>";
		};
		4E558E19609F4BFCB8354CA3 = {isa = PBXGroup; children = (
				31786B99A230403FBF9803D2 /* RatioCardView.swift */,
				670BC3504249453F9A18C33A /* MenuBarContentView.swift */,
			); path = Views; sourceTree = "<group>";
		};
		E26C480FA3E541C5B9E8AF69 = {isa = PBXGroup; children = (7DFF5A2AC414418E8781140F); name = Products; sourceTree = "<group>";};

		BF3653521E6C4B5385830100 /* RatioTracker */ = {isa = PBXNativeTarget; buildConfigurationList = 521C9E62D0214CEF834AB1B2; buildPhases = (2D98ACA5A29440428CE5410E); buildRules = (); dependencies = (); name = RatioTracker; productName = RatioTracker; productReference = 7DFF5A2AC414418E8781140F; productType = "com.apple.product-type.application";};

		E783246B347647D1998C67E2 /* Project object */ = {isa = PBXProject; attributes = {BuildIndependentTargetsInParallel = 1; LastUpgradeCheck = 1620;}; buildConfigurationList = 1A9D9294517F4180A440CC86; compatibilityVersion = "Xcode 14.0"; developmentRegion = en; hasScannedForEncodings = 0; knownRegions = (en, Base); mainGroup = 80C5A330952348CDB99FFE81; productRefGroup = E26C480FA3E541C5B9E8AF69; projectDirPath = ""; projectRoot = ""; targets = (BF3653521E6C4B5385830100);};

		2D98ACA5A29440428CE5410E /* Sources */ = {isa = PBXSourcesBuildPhase; runOnlyForDeploymentPostprocessing = 0; files = (
				02CEA5D20DDD4026B2FB5D03 /* ContentView.swift in Sources */,
				F7C64BEFC15A43CA8FA7FEF7 /* RatioTrackerApp.swift in Sources */,
				E5549BF368944A0AAD4492A1 /* RatioViewModel.swift in Sources */,
				A9820817AC8945D0B9529EBE /* TrackedPair.swift in Sources */,
				D9DDB5FFF30C46EDA39CAB27 /* Persistence.swift in Sources */,
				FAEC4B7395C64C56AF2FA3C4 /* RatioCardView.swift in Sources */,
				3140F2925D1348A99CEAE1D6 /* MenuBarContentView.swift in Sources */,
				4B8CAFBB62C34397A0D1EBC5 /* RatioService.swift in Sources */,
			);};
		96B7EE766DA24B5982EF5A77 /* Debug */ = {isa = XCBuildConfiguration; buildSettings = {
				ALWAYS_SEARCH_USER_PATHS = NO;
				CLANG_ENABLE_MODULES = YES;
				SWIFT_VERSION = 5.0;
				MACOSX_DEPLOYMENT_TARGET = 14.0;
				SDKROOT = macosx;
			}; name = Debug;};
		0FA4EFEF93044BE0AFCB445A /* Release */ = {isa = XCBuildConfiguration; buildSettings = {
				ALWAYS_SEARCH_USER_PATHS = NO;
				CLANG_ENABLE_MODULES = YES;
				SWIFT_VERSION = 5.0;
				MACOSX_DEPLOYMENT_TARGET = 14.0;
				SDKROOT = macosx;
			}; name = Release;};
		1A9D9294517F4180A440CC86 /* Project config list */ = {isa = XCConfigurationList; buildConfigurations = (96B7EE766DA24B5982EF5A77, 0FA4EFEF93044BE0AFCB445A); defaultConfigurationIsVisible = 0; defaultConfigurationName = Release;};
		8933DF15B5B84BD8B14587CB /* Debug */ = {isa = XCBuildConfiguration; buildSettings = {
				CODE_SIGN_STYLE = Automatic;
				ENABLE_PREVIEWS = YES;
				GENERATE_INFOPLIST_FILE = YES;
				PRODUCT_BUNDLE_IDENTIFIER = com.ratiotracker.app;
				PRODUCT_NAME = "$(TARGET_NAME)";
				SWIFT_VERSION = 5.0;
				LD_RUNPATH_SEARCH_PATHS = ("$(inherited)", "@executable_path/../Frameworks");
				MACOSX_DEPLOYMENT_TARGET = 14.0;
				SDKROOT = macosx;
				INFOPLIST_KEY_LSUIElement = YES;
			}; name = Debug;};
		97257E44C5454FE7BA026899 /* Release */ = {isa = XCBuildConfiguration; buildSettings = {
				CODE_SIGN_STYLE = Automatic;
				ENABLE_PREVIEWS = YES;
				GENERATE_INFOPLIST_FILE = YES;
				PRODUCT_BUNDLE_IDENTIFIER = com.ratiotracker.app;
				PRODUCT_NAME = "$(TARGET_NAME)";
				SWIFT_VERSION = 5.0;
				LD_RUNPATH_SEARCH_PATHS = ("$(inherited)", "@executable_path/../Frameworks");
				MACOSX_DEPLOYMENT_TARGET = 14.0;
				SDKROOT = macosx;
				INFOPLIST_KEY_LSUIElement = YES;
			}; name = Release;};
		521C9E62D0214CEF834AB1B2 /* Target config list */ = {isa = XCConfigurationList; buildConfigurations = (8933DF15B5B84BD8B14587CB, 97257E44C5454FE7BA026899); defaultConfigurationIsVisible = 0; defaultConfigurationName = Release;};

	};
	rootObject = E783246B347647D1998C67E2 /* Project object */;
}