// !$*UTF8*$!
{
	archiveVersion = 1;
	classes = {
	};
	objectVersion = 56;
	objects = {

/* Begin PBXBuildFile section */
		032C8D1F2A584E2EB1B8B4C5 /* TrackedPair.swift in Sources */ = {isa = PBXBuildFile; fileRef = B94F30462D764924ACCF1A8E /* TrackedPair.swift */; };
		274D9F543F8E4AFB88E044BD /* RatioWidgetProvider.swift in Sources */ = {isa = PBXBuildFile; fileRef = 39B5C84B537947A789E80C7B /* RatioWidgetProvider.swift */; };
		44865F4DC6D548F1A39F037A /* RatioWidgetEntry.swift in Sources */ = {isa = PBXBuildFile; fileRef = 956E0D6BDDB34C01ADAB15E4 /* RatioWidgetEntry.swift */; };
		5917F65859F640D5B07197F4 /* RatioTrackerApp.swift in Sources */ = {isa = PBXBuildFile; fileRef = FDCE98E32A334E53BA0DC288 /* RatioTrackerApp.swift */; };
		6EA77970D27949888DF956D7 /* RatioWidgetView.swift in Sources */ = {isa = PBXBuildFile; fileRef = DA5D1D2F6CF74C6193171D7D /* RatioWidgetView.swift */; };
		72B431C7358F4C9E90304620 /* ContentView.swift in Sources */ = {isa = PBXBuildFile; fileRef = 910039A54976474C9AC2F565 /* ContentView.swift */; };
		7747325D13ED4CB09CE06DDA /* RatioViewModel.swift in Sources */ = {isa = PBXBuildFile; fileRef = A98481F32E4148618C7E7037 /* RatioViewModel.swift */; };
		7849643D72A1488491D12D65 /* RatioService.swift in Sources */ = {isa = PBXBuildFile; fileRef = 4D4ED13ECB9C4F5DBF58A2C6 /* RatioService.swift */; };
		7EEB98618E2E4E6391B752C4 /* Persistence.swift in Sources */ = {isa = PBXBuildFile; fileRef = 48A1E51FE7034A9ABF375775 /* Persistence.swift */; };
		9FA0B997F726423A89506D48 /* RatioTrackerWidget.swift in Sources */ = {isa = PBXBuildFile; fileRef = FFE2A0DAA42948FF9AA28217 /* RatioTrackerWidget.swift */; };
		BC63650830029B1900FF850A /* TrackedPair.swift in Sources */ = {isa = PBXBuildFile; fileRef = B94F30462D764924ACCF1A8E /* TrackedPair.swift */; };
		BC63650930029B1900FF850A /* RatioService.swift in Sources */ = {isa = PBXBuildFile; fileRef = 4D4ED13ECB9C4F5DBF58A2C6 /* RatioService.swift */; };
		BC63650B30029BF700FF850A /* RatioTrackerWidget.appex in Embed Foundation Extensions */ = {isa = PBXBuildFile; fileRef = F3601F287FFE4E6EB3015C84 /* RatioTrackerWidget.appex */; settings = {ATTRIBUTES = (RemoveHeadersOnCopy, ); }; };
		E8F7341B8E1A4839959FBC10 /* Assets.xcassets in Sources */ = {isa = PBXBuildFile; fileRef = B23B7EEBBE69488BBD6D4B02 /* Assets.xcassets */; };
		F637A86B1E0C479F8CE2396C /* RatioCardView.swift in Sources */ = {isa = PBXBuildFile; fileRef = B4C65C6EA04046CEA0BFA3DF /* RatioCardView.swift */; };
/* End PBXBuildFile section */

/* Begin PBXContainerItemProxy section */
		BC63650C30029BF700FF850A /* PBXContainerItemProxy */ = {
			isa = PBXContainerItemProxy;
			containerPortal = DD344406A64044B79DDDF51B /* Project object */;
			proxyType = 1;
			remoteGlobalIDString = 6412816ED33747CA942AD956;
			remoteInfo = RatioTrackerWidget;
		};
		BC63650F30029BFD00FF850A /* PBXContainerItemProxy */ = {
			isa = PBXContainerItemProxy;
			containerPortal = DD344406A64044B79DDDF51B /* Project object */;
			proxyType = 1;
			remoteGlobalIDString = 6412816ED33747CA942AD956;
			remoteInfo = RatioTrackerWidget;
		};
/* End PBXContainerItemProxy section */

/* Begin PBXCopyFilesBuildPhase section */
		BC63650E30029BF700FF850A /* Embed Foundation Extensions */ = {
			isa = PBXCopyFilesBuildPhase;
			buildActionMask = 2147483647;
			dstPath = "";
			dstSubfolderSpec = 13;
			files = (
				BC63650B30029BF700FF850A /* RatioTrackerWidget.appex in Embed Foundation Extensions */,
			);
			name = "Embed Foundation Extensions";
			runOnlyForDeploymentPostprocessing = 0;
		};
/* End PBXCopyFilesBuildPhase section */

/* Begin PBXFileReference section */
		39B5C84B537947A789E80C7B /* RatioWidgetProvider.swift */ = {isa = PBXFileReference; lastKnownFileType = sourcecode.swift; path = RatioWidgetProvider.swift; sourceTree = "<group>"; };
		48A1E51FE7034A9ABF375775 /* Persistence.swift */ = {isa = PBXFileReference; lastKnownFileType = sourcecode.swift; path = Persistence.swift; sourceTree = "<group>"; };
		4AC6E49742FC4CB0B07EDE58 /* MenuBarContentView.swift */ = {isa = PBXFileReference; lastKnownFileType = sourcecode.swift; path = MenuBarContentView.swift; sourceTree = "<group>"; };
		4D4ED13ECB9C4F5DBF58A2C6 /* RatioService.swift */ = {isa = PBXFileReference; lastKnownFileType = sourcecode.swift; path = RatioService.swift; sourceTree = "<group>"; };
		910039A54976474C9AC2F565 /* ContentView.swift */ = {isa = PBXFileReference; lastKnownFileType = sourcecode.swift; path = ContentView.swift; sourceTree = "<group>"; };
		956E0D6BDDB34C01ADAB15E4 /* RatioWidgetEntry.swift */ = {isa = PBXFileReference; lastKnownFileType = sourcecode.swift; path = RatioWidgetEntry.swift; sourceTree = "<group>"; };
		A98481F32E4148618C7E7037 /* RatioViewModel.swift */ = {isa = PBXFileReference; lastKnownFileType = sourcecode.swift; path = RatioViewModel.swift; sourceTree = "<group>"; };
		B23B7EEBBE69488BBD6D4B02 /* Assets.xcassets */ = {isa = PBXFileReference; lastKnownFileType = folder.assetcatalog; path = Assets.xcassets; sourceTree = "<group>"; };
		B4C65C6EA04046CEA0BFA3DF /* RatioCardView.swift */ = {isa = PBXFileReference; lastKnownFileType = sourcecode.swift; path = RatioCardView.swift; sourceTree = "<group>"; };
		B94F30462D764924ACCF1A8E /* TrackedPair.swift */ = {isa = PBXFileReference; lastKnownFileType = sourcecode.swift; path = TrackedPair.swift; sourceTree = "<group>"; };
		DA5D1D2F6CF74C6193171D7D /* RatioWidgetView.swift */ = {isa = PBXFileReference; lastKnownFileType = sourcecode.swift; path = RatioWidgetView.swift; sourceTree = "<group>"; };
		DAC9D69EDF7245D4A44845E1 /* RatioTracker iOS.app */ = {isa = PBXFileReference; explicitFileType = wrapper.application; includeInIndex = 0; path = "RatioTracker iOS.app"; sourceTree = BUILT_PRODUCTS_DIR; };
		F3601F287FFE4E6EB3015C84 /* RatioTrackerWidget.appex */ = {isa = PBXFileReference; explicitFileType = "wrapper.app-extension"; includeInIndex = 0; path = RatioTrackerWidget.appex; sourceTree = BUILT_PRODUCTS_DIR; };
		FDCE98E32A334E53BA0DC288 /* RatioTrackerApp.swift */ = {isa = PBXFileReference; lastKnownFileType = sourcecode.swift; path = RatioTrackerApp.swift; sourceTree = "<group>"; };
		FFE2A0DAA42948FF9AA28217 /* RatioTrackerWidget.swift */ = {isa = PBXFileReference; lastKnownFileType = sourcecode.swift; path = RatioTrackerWidget.swift; sourceTree = "<group>"; };
/* End PBXFileReference section */

/* Begin PBXGroup section */
		0337BDAFBAC3448CAF04406C /* Models */ = {
			isa = PBXGroup;
			children = (
				B94F30462D764924ACCF1A8E /* TrackedPair.swift */,
			);
			path = Models;
			sourceTree = "<group>";
		};
		0A37E924EBD04128AAE51B36 /* Products */ = {
			isa = PBXGroup;
			children = (
				DAC9D69EDF7245D4A44845E1 /* RatioTracker iOS.app */,
				F3601F287FFE4E6EB3015C84 /* RatioTrackerWidget.appex */,
			);
			name = Products;
			sourceTree = "<group>";
		};
		295BD0140CCD4B18906A320A /* Widget */ = {
			isa = PBXGroup;
			children = (
				956E0D6BDDB34C01ADAB15E4 /* RatioWidgetEntry.swift */,
				FFE2A0DAA42948FF9AA28217 /* RatioTrackerWidget.swift */,
				39B5C84B537947A789E80C7B /* RatioWidgetProvider.swift */,
				DA5D1D2F6CF74C6193171D7D /* RatioWidgetView.swift */,
			);
			path = Widget;
			sourceTree = "<group>";
		};
		7410FFA07C5B4E4BA75C41AA /* ViewModels */ = {
			isa = PBXGroup;
			children = (
				A98481F32E4148618C7E7037 /* RatioViewModel.swift */,
			);
			path = ViewModels;
			sourceTree = "<group>";
		};
		74979AB4D5DD47CFA7D13C71 /* RatioTracker */ = {
			isa = PBXGroup;
			children = (
				910039A54976474C9AC2F565 /* ContentView.swift */,
				FDCE98E32A334E53BA0DC288 /* RatioTrackerApp.swift */,
				B23B7EEBBE69488BBD6D4B02 /* Assets.xcassets */,
				0337BDAFBAC3448CAF04406C /* Models */,
				F0C059CFC0AE4AE58B1832D1 /* Persistence */,
				C731D65B1C2F45B29681A68A /* Services */,
				7410FFA07C5B4E4BA75C41AA /* ViewModels */,
				D7C9CBAC5C17486CA7039961 /* Views */,
				295BD0140CCD4B18906A320A /* Widget */,
				BC63650A30029BF700FF850A /* Frameworks */,
				0A37E924EBD04128AAE51B36 /* Products */,
			);
			path = RatioTracker;
			sourceTree = "<group>";
		};
		BC63650A30029BF700FF850A /* Frameworks */ = {
			isa = PBXGroup;
			children = (
			);
			name = Frameworks;
			sourceTree = "<group>";
		};
		C731D65B1C2F45B29681A68A /* Services */ = {
			isa = PBXGroup;
			children = (
				4D4ED13ECB9C4F5DBF58A2C6 /* RatioService.swift */,
			);
			path = Services;
			sourceTree = "<group>";
		};
		D7C9CBAC5C17486CA7039961 /* Views */ = {
			isa = PBXGroup;
			children = (
				B4C65C6EA04046CEA0BFA3DF /* RatioCardView.swift */,
				4AC6E49742FC4CB0B07EDE58 /* MenuBarContentView.swift */,
			);
			path = Views;
			sourceTree = "<group>";
		};
		F0C059CFC0AE4AE58B1832D1 /* Persistence */ = {
			isa = PBXGroup;
			children = (
				48A1E51FE7034A9ABF375775 /* Persistence.swift */,
			);
			path = Persistence;
			sourceTree = "<group>";
		};
/* End PBXGroup section */

/* Begin PBXNativeTarget section */
		6412816ED33747CA942AD956 /* RatioTrackerWidget */ = {
			isa = PBXNativeTarget;
			buildConfigurationList = 9F9E1889A81745C1BDC105D1 /* Build configuration list for PBXNativeTarget "RatioTrackerWidget" */;
			buildPhases = (
				303B763855F74E3C8335078D /* Sources */,
			);
			buildRules = (
			);
			dependencies = (
			);
			name = RatioTrackerWidget;
			productName = RatioTrackerWidget;
			productReference = F3601F287FFE4E6EB3015C84 /* RatioTrackerWidget.appex */;
			productType = "com.apple.product-type.app-extension";
		};
		793363B89F2049BEB0773797 /* RatioTracker iOS */ = {
			isa = PBXNativeTarget;
			buildConfigurationList = CFE9715C1F9F4B1EA96AB405 /* Build configuration list for PBXNativeTarget "RatioTracker iOS" */;
			buildPhases = (
				2D2250E4E5164D4BBC0DF9CF /* Sources */,
				BC63650E30029BF700FF850A /* Embed Foundation Extensions */,
			);
			buildRules = (
			);
			dependencies = (
				BC63650D30029BF700FF850A /* PBXTargetDependency */,
				BC63651030029BFD00FF850A /* PBXTargetDependency */,
			);
			name = "RatioTracker iOS";
			productName = "RatioTracker iOS";
			productReference = DAC9D69EDF7245D4A44845E1 /* RatioTracker iOS.app */;
			productType = "com.apple.product-type.application";
		};
/* End PBXNativeTarget section */

/* Begin PBXProject section */
		DD344406A64044B79DDDF51B /* Project object */ = {
			isa = PBXProject;
			attributes = {
				BuildIndependentTargetsInParallel = 1;
				LastUpgradeCheck = 1620;
			};
			buildConfigurationList = B9B6F3CF8A164B06A19DB5B4 /* Build configuration list for PBXProject "RatioTracker_iOS" */;
			compatibilityVersion = "Xcode 14.0";
			developmentRegion = en;
			hasScannedForEncodings = 0;
			knownRegions = (
				en,
				Base,
			);
			mainGroup = 74979AB4D5DD47CFA7D13C71 /* RatioTracker */;
			productRefGroup = 0A37E924EBD04128AAE51B36 /* Products */;
			projectDirPath = "";
			projectRoot = "";
			targets = (
				793363B89F2049BEB0773797 /* RatioTracker iOS */,
				6412816ED33747CA942AD956 /* RatioTrackerWidget */,
			);
		};
/* End PBXProject section */

/* Begin PBXSourcesBuildPhase section */
		2D2250E4E5164D4BBC0DF9CF /* Sources */ = {
			isa = PBXSourcesBuildPhase;
			buildActionMask = 2147483647;
			files = (
				72B431C7358F4C9E90304620 /* ContentView.swift in Sources */,
				5917F65859F640D5B07197F4 /* RatioTrackerApp.swift in Sources */,
				7747325D13ED4CB09CE06DDA /* RatioViewModel.swift in Sources */,
				032C8D1F2A584E2EB1B8B4C5 /* TrackedPair.swift in Sources */,
				7EEB98618E2E4E6391B752C4 /* Persistence.swift in Sources */,
				F637A86B1E0C479F8CE2396C /* RatioCardView.swift in Sources */,
				7849643D72A1488491D12D65 /* RatioService.swift in Sources */,
				E8F7341B8E1A4839959FBC10 /* Assets.xcassets in Sources */,
			);
			runOnlyForDeploymentPostprocessing = 0;
		};
		303B763855F74E3C8335078D /* Sources */ = {
			isa = PBXSourcesBuildPhase;
			buildActionMask = 2147483647;
			files = (
				44865F4DC6D548F1A39F037A /* RatioWidgetEntry.swift in Sources */,
				9FA0B997F726423A89506D48 /* RatioTrackerWidget.swift in Sources */,
				274D9F543F8E4AFB88E044BD /* RatioWidgetProvider.swift in Sources */,
				6EA77970D27949888DF956D7 /* RatioWidgetView.swift in Sources */,
				BC63650830029B1900FF850A /* TrackedPair.swift in Sources */,
				BC63650930029B1900FF850A /* RatioService.swift in Sources */,
			);
			runOnlyForDeploymentPostprocessing = 0;
		};
/* End PBXSourcesBuildPhase section */

/* Begin PBXTargetDependency section */
		BC63650D30029BF700FF850A /* PBXTargetDependency */ = {
			isa = PBXTargetDependency;
			target = 6412816ED33747CA942AD956 /* RatioTrackerWidget */;
			targetProxy = BC63650C30029BF700FF850A /* PBXContainerItemProxy */;
		};
		BC63651030029BFD00FF850A /* PBXTargetDependency */ = {
			isa = PBXTargetDependency;
			target = 6412816ED33747CA942AD956 /* RatioTrackerWidget */;
			targetProxy = BC63650F30029BFD00FF850A /* PBXContainerItemProxy */;
		};
/* End PBXTargetDependency section */

/* Begin XCBuildConfiguration section */
		1FC974DF01DB4E83977BFF68 /* Release */ = {
			isa = XCBuildConfiguration;
			buildSettings = {
				ALWAYS_SEARCH_USER_PATHS = NO;
				CLANG_ENABLE_MODULES = YES;
				IPHONEOS_DEPLOYMENT_TARGET = 17.0;
				SDKROOT = iphoneos;
				SWIFT_VERSION = 5.0;
			};
			name = Release;
		};
		6350AD734E134B629FECD979 /* Release */ = {
			isa = XCBuildConfiguration;
			buildSettings = {
				ASSETCATALOG_COMPILER_APPICON_NAME = AppIcon;
				CODE_SIGN_STYLE = Automatic;
				CURRENT_PROJECT_VERSION = 1;
				DEVELOPMENT_TEAM = 7S8GWPH2YM;
				ENABLE_PREVIEWS = YES;
				INFOPLIST_FILE = RatioTracker/Info.plist;
				IPHONEOS_DEPLOYMENT_TARGET = 17.0;
				LD_RUNPATH_SEARCH_PATHS = (
					"$(inherited)",
					"@executable_path/../Frameworks",
				);
				MARKETING_VERSION = 1.0;
				PRODUCT_BUNDLE_IDENTIFIER = com.ratiotracker.app.ios;
				PRODUCT_NAME = "$(TARGET_NAME)";
				SDKROOT = iphoneos;
				SWIFT_VERSION = 5.0;
				TARGETED_DEVICE_FAMILY = 1;
			};
			name = Release;
		};
		AC9A4E55FF1A458BA7674321 /* Debug */ = {
			isa = XCBuildConfiguration;
			buildSettings = {
				ASSETCATALOG_COMPILER_APPICON_NAME = AppIcon;
				CODE_SIGN_STYLE = Automatic;
				CURRENT_PROJECT_VERSION = 1;
				DEVELOPMENT_TEAM = 7S8GWPH2YM;
				ENABLE_PREVIEWS = YES;
				INFOPLIST_FILE = RatioTracker/Info.plist;
				IPHONEOS_DEPLOYMENT_TARGET = 17.0;
				LD_RUNPATH_SEARCH_PATHS = (
					"$(inherited)",
					"@executable_path/../Frameworks",
				);
				MARKETING_VERSION = 1.0;
				PRODUCT_BUNDLE_IDENTIFIER = com.ratiotracker.app.ios;
				PRODUCT_NAME = "$(TARGET_NAME)";
				SDKROOT = iphoneos;
				SWIFT_VERSION = 5.0;
				TARGETED_DEVICE_FAMILY = 1;
			};
			name = Debug;
		};
		BAB9E664215246D689D56969 /* Release */ = {
			isa = XCBuildConfiguration;
			buildSettings = {
				CODE_SIGN_STYLE = Automatic;
				CURRENT_PROJECT_VERSION = 1;
				DEVELOPMENT_TEAM = 7S8GWPH2YM;
				ENABLE_PREVIEWS = YES;
				INFOPLIST_FILE = RatioTracker/WidgetInfo.plist;
				IPHONEOS_DEPLOYMENT_TARGET = 17.0;
				LD_RUNPATH_SEARCH_PATHS = (
					"$(inherited)",
					"@executable_path/../Frameworks",
				);
				MARKETING_VERSION = 1.0;
				PRODUCT_BUNDLE_IDENTIFIER = com.ratiotracker.app.ios.widget;
				PRODUCT_NAME = "$(TARGET_NAME)";
				SDKROOT = iphoneos;
				SWIFT_VERSION = 5.0;
				TARGETED_DEVICE_FAMILY = 1;
			};
			name = Release;
		};
		D196805F7DA54B059DF5838E /* Debug */ = {
			isa = XCBuildConfiguration;
			buildSettings = {
				ALWAYS_SEARCH_USER_PATHS = NO;
				CLANG_ENABLE_MODULES = YES;
				IPHONEOS_DEPLOYMENT_TARGET = 17.0;
				SDKROOT = iphoneos;
				SWIFT_VERSION = 5.0;
			};
			name = Debug;
		};
		FD2F82A856614F228C57A2FF /* Debug */ = {
			isa = XCBuildConfiguration;
			buildSettings = {
				CODE_SIGN_STYLE = Automatic;
				CURRENT_PROJECT_VERSION = 1;
				DEVELOPMENT_TEAM = 7S8GWPH2YM;
				ENABLE_PREVIEWS = YES;
				INFOPLIST_FILE = RatioTracker/WidgetInfo.plist;
				IPHONEOS_DEPLOYMENT_TARGET = 17.0;
				LD_RUNPATH_SEARCH_PATHS = (
					"$(inherited)",
					"@executable_path/../Frameworks",
				);
				MARKETING_VERSION = 1.0;
				PRODUCT_BUNDLE_IDENTIFIER = com.ratiotracker.app.ios.widget;
				PRODUCT_NAME = "$(TARGET_NAME)";
				SDKROOT = iphoneos;
				SWIFT_VERSION = 5.0;
				TARGETED_DEVICE_FAMILY = 1;
			};
			name = Debug;
		};
/* End XCBuildConfiguration section */

/* Begin XCConfigurationList section */
		9F9E1889A81745C1BDC105D1 /* Build configuration list for PBXNativeTarget "RatioTrackerWidget" */ = {
			isa = XCConfigurationList;
			buildConfigurations = (
				FD2F82A856614F228C57A2FF /* Debug */,
				BAB9E664215246D689D56969 /* Release */,
			);
			defaultConfigurationIsVisible = 0;
			defaultConfigurationName = Release;
		};
		B9B6F3CF8A164B06A19DB5B4 /* Build configuration list for PBXProject "RatioTracker_iOS" */ = {
			isa = XCConfigurationList;
			buildConfigurations = (
				D196805F7DA54B059DF5838E /* Debug */,
				1FC974DF01DB4E83977BFF68 /* Release */,
			);
			defaultConfigurationIsVisible = 0;
			defaultConfigurationName = Release;
		};
		CFE9715C1F9F4B1EA96AB405 /* Build configuration list for PBXNativeTarget "RatioTracker iOS" */ = {
			isa = XCConfigurationList;
			buildConfigurations = (
				AC9A4E55FF1A458BA7674321 /* Debug */,
				6350AD734E134B629FECD979 /* Release */,
			);
			defaultConfigurationIsVisible = 0;
			defaultConfigurationName = Release;
		};
/* End XCConfigurationList section */
	};
	rootObject = DD344406A64044B79DDDF51B /* Project object */;
}
